
Microsoft Visual Studio Solution File, Format Version 12.00
# Visual Studio Version 16
VisualStudioVersion = 16.0.29102.190
MinimumVisualStudioVersion = 10.0.40219.1
Project("{2150E333-8FDC-42A3-9474-1A3956D46DE8}") = "root", "root", "{EEA683D2-33D6-4866-BB3B-98696CE4F55C}"
	ProjectSection(SolutionItems) = preProject
		.gitignore = .gitignore
		LICENSE = LICENSE
		README.md = README.md
	EndProjectSection
EndProject
Project("{9A19103F-16F7-4668-BE54-9A1E7A4F7556}") = "RandomTastes", "RandomTastes\RandomTastes.csproj", "{15326D90-BC7C-4884-B70F-324DA919D89F}"
EndProject
Global
	GlobalSection(SolutionConfigurationPlatforms) = preSolution
		Debug|x86 = Debug|x86
		Release|x86 = Release|x86
	EndGlobalSection
	GlobalSection(ProjectConfigurationPlatforms) = postSolution
		{15326D90-BC7C-4884-B70F-324DA919D89F}.Debug|x86.ActiveCfg = Debug|x86
		{15326D90-BC7C-4884-B70F-324DA919D89F}.Debug|x86.Build.0 = Debug|x86
		{15326D90-BC7C-4884-B70F-324DA919D89F}.Release|x86.ActiveCfg = Release|x86
		{15326D90-BC7C-4884-B70F-324DA919D89F}.Release|x86.Build.0 = Release|x86
	EndGlobalSection
	GlobalSection(SolutionProperties) = preSolution
		HideSolutionNode = FALSE
	EndGlobalSection
	GlobalSection(ExtensibilityGlobals) = postSolution
		SolutionGuid = {94D1FF20-B901-48AA-A220-0158EC60DB17}
	EndGlobalSection
EndGlobal
